{
  "nodes": {
    "moon-registry": {
      "flake": false,
      "locked": {
        "lastModified": 1786336373,
        "narHash": "sha256-1TCshCPfy3DnhevhNYPIxZ5vAtGCOI2l5iHZCC7nTsI=",
        "ref": "refs/heads/main",
        "rev": "0f6ae700bddeab4b9fda7b12f445b7e0ad92c70e",
        "revCount": 12145,
        "type": "git",
        "url": "https://mooncakes.io/git/index"
      },
      "original": {
        "type": "git",
        "url": "https://mooncakes.io/git/index"
      }
    },
    "moonbit-overlay": {
      "inputs": {
        "nixpkgs": [
          "nixpkgs"
        ],
        "treefmt-nix": "treefmt-nix"
      },
      "locked": {
        "lastModified": 1786268148,
        "narHash": "sha256-sFX4ibSK6w5PyFQjU7tEp4brSG2G7Au0FGzf0M/49Ac=",
        "owner": "totto2727",
        "repo": "moonbit-overlay",
        "rev": "db0554603adab2250d041c59025da288d0d56431",
        "type": "github"
      },
      "original": {
        "owner": "totto2727",
        "repo": "moonbit-overlay",
        "type": "github"
      }
    },
    "nixpkgs": {
      "locked": {
        "lastModified": 1786106723,
        "narHash": "sha256-zDSUbpoeo/9ZmD2+wXnzxoo1+uhL8vxc0b8yuYMKYq0=",
        "rev": "f13ff45afd1bb73e640eaa08a7066dbed07e3238",
        "revCount": 1049422,
        "type": "tarball",
        "url": "https://api.flakehub.com/f/pinned/NixOS/nixpkgs/0.1.1049422%2Brev-f13ff45afd1bb73e640eaa08a7066dbed07e3238/019fe37d-02f5-75c1-a6ac-d62d08878e10/source.tar.gz"
      },
      "original": {
        "type": "tarball",
        "url": "https://flakehub.com/f/NixOS/nixpkgs/0.1"
      }
    },
    "root": {
      "inputs": {
        "moon-registry": "moon-registry",
        "moonbit-overlay": "moonbit-overlay",
        "nixpkgs": "nixpkgs"
      }
    },
    "treefmt-nix": {
      "inputs": {
        "nixpkgs": [
          "moonbit-overlay",
          "nixpkgs"
        ]
      },
      "locked": {
        "lastModified": 1780220602,
        "narHash": "sha256-eynAfOmbmxJnkp7YewvCEbShNnnYJ9gLLqkzsYtBPeM=",
        "owner": "numtide",
        "repo": "treefmt-nix",
        "rev": "db947814a175b7ca6ded66e21383d938df01c227",
        "type": "github"
      },
      "original": {
        "owner": "numtide",
        "repo": "treefmt-nix",
        "type": "github"
      }
    }
  },
  "root": "root",
  "version": 7
}
